
Microsoft Visual Studio Solution File, Format Version 12.00
# Visual Studio Version 17
VisualStudioVersion = 17.10.35013.160
MinimumVisualStudioVersion = 10.0.40219.1
Project("{FAE04EC0-301F-11D3-BF4B-00C04F79EFBC}") = "WebApiTarefas", "src\WebApiTarefas\WebApiTarefas.csproj", "{CDB74905-6E7C-47B9-BE94-6DA8584C7A1B}"
EndProject
Project("{2150E333-8FDC-42A3-9474-1A3956D46DE8}") = "WebApi", "WebApi", "{0B1939EC-F2E4-468A-91D2-C896E61B9C79}"
EndProject
Project("{2150E333-8FDC-42A3-9474-1A3956D46DE8}") = "Domain", "Domain", "{F6D4B75E-E18F-4150-B0E1-A8C268EA2260}"
EndProject
Project("{2150E333-8FDC-42A3-9474-1A3956D46DE8}") = "Application", "Application", "{FE498AB4-F474-497F-9903-C677F92DB6D1}"
EndProject
Project("{2150E333-8FDC-42A3-9474-1A3956D46DE8}") = "Domain", "Domain", "{06D2FB32-1F7C-4A32-98A2-56DBBFAA85B8}"
EndProject
Project("{2150E333-8FDC-42A3-9474-1A3956D46DE8}") = "Infra", "Infra", "{F0D5C316-8881-4D26-898A-96463FB81775}"
EndProject
Project("{2150E333-8FDC-42A3-9474-1A3956D46DE8}") = "Data", "Data", "{A76045A0-4313-48D3-AD61-F29AC2489770}"
EndProject
Project("{FAE04EC0-301F-11D3-BF4B-00C04F79EFBC}") = "Application", "src\Application\Application.csproj", "{8751A2B2-FA7C-4906-8EC9-8C923A8731C7}"
EndProject
Project("{FAE04EC0-301F-11D3-BF4B-00C04F79EFBC}") = "Domain", "src\Domain\Domain.csproj", "{1C009ECF-AA90-4B0F-8119-2A7819F336A2}"
EndProject
Project("{FAE04EC0-301F-11D3-BF4B-00C04F79EFBC}") = "Infra.Data", "src\Infra.Data\Infra.Data.csproj", "{0EF9A52A-7A50-4484-895D-6BBA05747F7F}"
EndProject
Global
	GlobalSection(SolutionConfigurationPlatforms) = preSolution
		Debug|Any CPU = Debug|Any CPU
		Release|Any CPU = Release|Any CPU
	EndGlobalSection
	GlobalSection(ProjectConfigurationPlatforms) = postSolution
		{CDB74905-6E7C-47B9-BE94-6DA8584C7A1B}.Debug|Any CPU.ActiveCfg = Debug|Any CPU
		{CDB74905-6E7C-47B9-BE94-6DA8584C7A1B}.Debug|Any CPU.Build.0 = Debug|Any CPU
		{CDB74905-6E7C-47B9-BE94-6DA8584C7A1B}.Release|Any CPU.ActiveCfg = Release|Any CPU
		{CDB74905-6E7C-47B9-BE94-6DA8584C7A1B}.Release|Any CPU.Build.0 = Release|Any CPU
		{8751A2B2-FA7C-4906-8EC9-8C923A8731C7}.Debug|Any CPU.ActiveCfg = Debug|Any CPU
		{8751A2B2-FA7C-4906-8EC9-8C923A8731C7}.Debug|Any CPU.Build.0 = Debug|Any CPU
		{8751A2B2-FA7C-4906-8EC9-8C923A8731C7}.Release|Any CPU.ActiveCfg = Release|Any CPU
		{8751A2B2-FA7C-4906-8EC9-8C923A8731C7}.Release|Any CPU.Build.0 = Release|Any CPU
		{1C009ECF-AA90-4B0F-8119-2A7819F336A2}.Debug|Any CPU.ActiveCfg = Debug|Any CPU
		{1C009ECF-AA90-4B0F-8119-2A7819F336A2}.Debug|Any CPU.Build.0 = Debug|Any CPU
		{1C009ECF-AA90-4B0F-8119-2A7819F336A2}.Release|Any CPU.ActiveCfg = Release|Any CPU
		{1C009ECF-AA90-4B0F-8119-2A7819F336A2}.Release|Any CPU.Build.0 = Release|Any CPU
		{0EF9A52A-7A50-4484-895D-6BBA05747F7F}.Debug|Any CPU.ActiveCfg = Debug|Any CPU
		{0EF9A52A-7A50-4484-895D-6BBA05747F7F}.Debug|Any CPU.Build.0 = Debug|Any CPU
		{0EF9A52A-7A50-4484-895D-6BBA05747F7F}.Release|Any CPU.ActiveCfg = Release|Any CPU
		{0EF9A52A-7A50-4484-895D-6BBA05747F7F}.Release|Any CPU.Build.0 = Release|Any CPU
	EndGlobalSection
	GlobalSection(SolutionProperties) = preSolution
		HideSolutionNode = FALSE
	EndGlobalSection
	GlobalSection(NestedProjects) = preSolution
		{CDB74905-6E7C-47B9-BE94-6DA8584C7A1B} = {0B1939EC-F2E4-468A-91D2-C896E61B9C79}
		{FE498AB4-F474-497F-9903-C677F92DB6D1} = {F6D4B75E-E18F-4150-B0E1-A8C268EA2260}
		{06D2FB32-1F7C-4A32-98A2-56DBBFAA85B8} = {F6D4B75E-E18F-4150-B0E1-A8C268EA2260}
		{F0D5C316-8881-4D26-898A-96463FB81775} = {F6D4B75E-E18F-4150-B0E1-A8C268EA2260}
		{A76045A0-4313-48D3-AD61-F29AC2489770} = {F0D5C316-8881-4D26-898A-96463FB81775}
		{8751A2B2-FA7C-4906-8EC9-8C923A8731C7} = {FE498AB4-F474-497F-9903-C677F92DB6D1}
		{1C009ECF-AA90-4B0F-8119-2A7819F336A2} = {06D2FB32-1F7C-4A32-98A2-56DBBFAA85B8}
		{0EF9A52A-7A50-4484-895D-6BBA05747F7F} = {A76045A0-4313-48D3-AD61-F29AC2489770}
	EndGlobalSection
	GlobalSection(ExtensibilityGlobals) = postSolution
		SolutionGuid = {4C7B5B14-5E52-44A5-9AB1-7BBADDEC1E4C}
	EndGlobalSection
EndGlobal
